
Microsoft Visual Studio Solution File, Format Version 12.00
# Visual Studio 15
Project("{FAE04EC0-301F-11D3-BF4B-00C04F79EFBC}") = "Tayx.Graphy", "Tayx.Graphy.csproj", "{0DCD147F-DF0D-E79F-1D4E-9D4AF65C95B5}"
EndProject
Project("{FAE04EC0-301F-11D3-BF4B-00C04F79EFBC}") = "Assembly-CSharp", "Assembly-CSharp.csproj", "{BF17392F-79E6-62C8-EA6D-C7E433F4045D}"
EndProject
Project("{FAE04EC0-301F-11D3-BF4B-00C04F79EFBC}") = "Tayx.Graphy.Editor", "Tayx.Graphy.Editor.csproj", "{B4A6D390-8E08-206A-4F0C-95B7F52F1590}"
EndProject
Global
	GlobalSection(SolutionConfigurationPlatforms) = preSolution
		Debug|Any CPU = Debug|Any CPU
		Release|Any CPU = Release|Any CPU
	EndGlobalSection
	GlobalSection(ProjectConfigurationPlatforms) = postSolution
		{0DCD147F-DF0D-E79F-1D4E-9D4AF65C95B5}.Debug|Any CPU.ActiveCfg = Debug|Any CPU
		{0DCD147F-DF0D-E79F-1D4E-9D4AF65C95B5}.Debug|Any CPU.Build.0 = Debug|Any CPU
		{0DCD147F-DF0D-E79F-1D4E-9D4AF65C95B5}.Release|Any CPU.ActiveCfg = Release|Any CPU
		{0DCD147F-DF0D-E79F-1D4E-9D4AF65C95B5}.Release|Any CPU.Build.0 = Release|Any CPU
		{BF17392F-79E6-62C8-EA6D-C7E433F4045D}.Debug|Any CPU.ActiveCfg = Debug|Any CPU
		{BF17392F-79E6-62C8-EA6D-C7E433F4045D}.Debug|Any CPU.Build.0 = Debug|Any CPU
		{BF17392F-79E6-62C8-EA6D-C7E433F4045D}.Release|Any CPU.ActiveCfg = Release|Any CPU
		{BF17392F-79E6-62C8-EA6D-C7E433F4045D}.Release|Any CPU.Build.0 = Release|Any CPU
		{B4A6D390-8E08-206A-4F0C-95B7F52F1590}.Debug|Any CPU.ActiveCfg = Debug|Any CPU
		{B4A6D390-8E08-206A-4F0C-95B7F52F1590}.Debug|Any CPU.Build.0 = Debug|Any CPU
		{B4A6D390-8E08-206A-4F0C-95B7F52F1590}.Release|Any CPU.ActiveCfg = Release|Any CPU
		{B4A6D390-8E08-206A-4F0C-95B7F52F1590}.Release|Any CPU.Build.0 = Release|Any CPU
	EndGlobalSection
	GlobalSection(SolutionProperties) = preSolution
		HideSolutionNode = FALSE
	EndGlobalSection
EndGlobal
